
Microsoft Visual Studio Solution File, Format Version 12.00
# Visual Studio Version 17
VisualStudioVersion = 17.0.31903.59
MinimumVisualStudioVersion = 10.0.40219.1
Project("{FAE04EC0-301F-11D3-BF4B-00C04F79EFBC}") = "MediaExchangerAlgorithm", "MediaExchangerAlgorithm\MediaExchangerAlgorithm.csproj", "{AED1B2C7-B6F6-4C2A-842B-EB23695D88A3}"
EndProject
Project("{FAE04EC0-301F-11D3-BF4B-00C04F79EFBC}") = "MediaExchangerAlgorithm.Test", "MediaExchangerAlgorithm.Test\MediaExchangerAlgorithm.Test.csproj", "{4AAF7820-C37D-4EE3-A413-CD36CEB83650}"
EndProject
Project("{FAE04EC0-301F-11D3-BF4B-00C04F79EFBC}") = "Edfa3ly-TakeHomeTestSample", "Edfa3ly-TakeHomeTestSample\Edfa3ly-TakeHomeTestSample.csproj", "{7CB8DFDA-D2B2-4985-8459-08F7390C8258}"
EndProject
Project("{FAE04EC0-301F-11D3-BF4B-00C04F79EFBC}") = "Edfa3ly-TakeHomeTestSample.Test", "Edfa3ly-TakeHomeTestSample.Test\Edfa3ly-TakeHomeTestSample.Test.csproj", "{ED5F13FE-989D-4B99-8362-13FC92A94CAF}"
EndProject
Global
	GlobalSection(SolutionProperties) = preSolution
		HideSolutionNode = FALSE
	EndGlobalSection
	GlobalSection(SolutionConfigurationPlatforms) = preSolution
		Debug|Any CPU = Debug|Any CPU
		Debug|x64 = Debug|x64
		Debug|x86 = Debug|x86
		Release|Any CPU = Release|Any CPU
		Release|x64 = Release|x64
		Release|x86 = Release|x86
	EndGlobalSection
	GlobalSection(ProjectConfigurationPlatforms) = postSolution
		{AED1B2C7-B6F6-4C2A-842B-EB23695D88A3}.Debug|Any CPU.ActiveCfg = Debug|Any CPU
		{AED1B2C7-B6F6-4C2A-842B-EB23695D88A3}.Debug|Any CPU.Build.0 = Debug|Any CPU
		{AED1B2C7-B6F6-4C2A-842B-EB23695D88A3}.Debug|x64.ActiveCfg = Debug|Any CPU
		{AED1B2C7-B6F6-4C2A-842B-EB23695D88A3}.Debug|x64.Build.0 = Debug|Any CPU
		{AED1B2C7-B6F6-4C2A-842B-EB23695D88A3}.Debug|x86.ActiveCfg = Debug|Any CPU
		{AED1B2C7-B6F6-4C2A-842B-EB23695D88A3}.Debug|x86.Build.0 = Debug|Any CPU
		{AED1B2C7-B6F6-4C2A-842B-EB23695D88A3}.Release|Any CPU.ActiveCfg = Release|Any CPU
		{AED1B2C7-B6F6-4C2A-842B-EB23695D88A3}.Release|Any CPU.Build.0 = Release|Any CPU
		{AED1B2C7-B6F6-4C2A-842B-EB23695D88A3}.Release|x64.ActiveCfg = Release|Any CPU
		{AED1B2C7-B6F6-4C2A-842B-EB23695D88A3}.Release|x64.Build.0 = Release|Any CPU
		{AED1B2C7-B6F6-4C2A-842B-EB23695D88A3}.Release|x86.ActiveCfg = Release|Any CPU
		{AED1B2C7-B6F6-4C2A-842B-EB23695D88A3}.Release|x86.Build.0 = Release|Any CPU
		{4AAF7820-C37D-4EE3-A413-CD36CEB83650}.Debug|Any CPU.ActiveCfg = Debug|Any CPU
		{4AAF7820-C37D-4EE3-A413-CD36CEB83650}.Debug|Any CPU.Build.0 = Debug|Any CPU
		{4AAF7820-C37D-4EE3-A413-CD36CEB83650}.Debug|x64.ActiveCfg = Debug|Any CPU
		{4AAF7820-C37D-4EE3-A413-CD36CEB83650}.Debug|x64.Build.0 = Debug|Any CPU
		{4AAF7820-C37D-4EE3-A413-CD36CEB83650}.Debug|x86.ActiveCfg = Debug|Any CPU
		{4AAF7820-C37D-4EE3-A413-CD36CEB83650}.Debug|x86.Build.0 = Debug|Any CPU
		{4AAF7820-C37D-4EE3-A413-CD36CEB83650}.Release|Any CPU.ActiveCfg = Release|Any CPU
		{4AAF7820-C37D-4EE3-A413-CD36CEB83650}.Release|Any CPU.Build.0 = Release|Any CPU
		{4AAF7820-C37D-4EE3-A413-CD36CEB83650}.Release|x64.ActiveCfg = Release|Any CPU
		{4AAF7820-C37D-4EE3-A413-CD36CEB83650}.Release|x64.Build.0 = Release|Any CPU
		{4AAF7820-C37D-4EE3-A413-CD36CEB83650}.Release|x86.ActiveCfg = Release|Any CPU
		{4AAF7820-C37D-4EE3-A413-CD36CEB83650}.Release|x86.Build.0 = Release|Any CPU
		{7CB8DFDA-D2B2-4985-8459-08F7390C8258}.Debug|Any CPU.ActiveCfg = Debug|Any CPU
		{7CB8DFDA-D2B2-4985-8459-08F7390C8258}.Debug|Any CPU.Build.0 = Debug|Any CPU
		{7CB8DFDA-D2B2-4985-8459-08F7390C8258}.Debug|x64.ActiveCfg = Debug|Any CPU
		{7CB8DFDA-D2B2-4985-8459-08F7390C8258}.Debug|x64.Build.0 = Debug|Any CPU
		{7CB8DFDA-D2B2-4985-8459-08F7390C8258}.Debug|x86.ActiveCfg = Debug|Any CPU
		{7CB8DFDA-D2B2-4985-8459-08F7390C8258}.Debug|x86.Build.0 = Debug|Any CPU
		{7CB8DFDA-D2B2-4985-8459-08F7390C8258}.Release|Any CPU.ActiveCfg = Release|Any CPU
		{7CB8DFDA-D2B2-4985-8459-08F7390C8258}.Release|Any CPU.Build.0 = Release|Any CPU
		{7CB8DFDA-D2B2-4985-8459-08F7390C8258}.Release|x64.ActiveCfg = Release|Any CPU
		{7CB8DFDA-D2B2-4985-8459-08F7390C8258}.Release|x64.Build.0 = Release|Any CPU
		{7CB8DFDA-D2B2-4985-8459-08F7390C8258}.Release|x86.ActiveCfg = Release|Any CPU
		{7CB8DFDA-D2B2-4985-8459-08F7390C8258}.Release|x86.Build.0 = Release|Any CPU
		{ED5F13FE-989D-4B99-8362-13FC92A94CAF}.Debug|Any CPU.ActiveCfg = Debug|Any CPU
		{ED5F13FE-989D-4B99-8362-13FC92A94CAF}.Debug|Any CPU.Build.0 = Debug|Any CPU
		{ED5F13FE-989D-4B99-8362-13FC92A94CAF}.Debug|x64.ActiveCfg = Debug|Any CPU
		{ED5F13FE-989D-4B99-8362-13FC92A94CAF}.Debug|x64.Build.0 = Debug|Any CPU
		{ED5F13FE-989D-4B99-8362-13FC92A94CAF}.Debug|x86.ActiveCfg = Debug|Any CPU
		{ED5F13FE-989D-4B99-8362-13FC92A94CAF}.Debug|x86.Build.0 = Debug|Any CPU
		{ED5F13FE-989D-4B99-8362-13FC92A94CAF}.Release|Any CPU.ActiveCfg = Release|Any CPU
		{ED5F13FE-989D-4B99-8362-13FC92A94CAF}.Release|Any CPU.Build.0 = Release|Any CPU
		{ED5F13FE-989D-4B99-8362-13FC92A94CAF}.Release|x64.ActiveCfg = Release|Any CPU
		{ED5F13FE-989D-4B99-8362-13FC92A94CAF}.Release|x64.Build.0 = Release|Any CPU
		{ED5F13FE-989D-4B99-8362-13FC92A94CAF}.Release|x86.ActiveCfg = Release|Any CPU
		{ED5F13FE-989D-4B99-8362-13FC92A94CAF}.Release|x86.Build.0 = Release|Any CPU
	EndGlobalSection
EndGlobal
